<?xml version="1.0" encoding="utf-8"?>
<Project ToolsVersion="4.0" xmlns="http://schemas.microsoft.com/developer/msbuild/2003">
  <ItemGroup>
    <Filter Include="Source Files">
      <UniqueIdentifier>{4FC737F1-C7A5-4376-A066-2A32D752A2FF}</UniqueIdentifier>
      <Extensions>cpp;c;cc;cxx;def;odl;idl;hpj;bat;asm;asmx</Extensions>
    </Filter>
    <Filter Include="Header Files">
      <UniqueIdentifier>{93995380-89BD-4b04-88EB-625FBE52EBFB}</UniqueIdentifier>
      <Extensions>h;hpp;hxx;hm;inl;inc;xsd</Extensions>
    </Filter>
    <Filter Include="Resource Files">
      <UniqueIdentifier>{67DA6AB6-F800-4c08-8B7A-83BB121AAD01}</UniqueIdentifier>
      <Extensions>rc;ico;cur;bmp;dlg;rc2;rct;bin;rgs;gif;jpg;jpeg;jpe;resx;tiff;tif;png;wav;mfcribbon-ms</Extensions>
    </Filter>
    <Filter Include="Header Files\Utilities">
      <UniqueIdentifier>{80d0f15e-205f-4dcf-816a-7ed2aa05e1f4}</UniqueIdentifier>
    </Filter>
    <Filter Include="Source Files\Utilities">
      <UniqueIdentifier>{a486581f-e298-48da-b272-9744c6e5489d}</UniqueIdentifier>
    </Filter>
    <Filter Include="Header Files\Model">
      <UniqueIdentifier>{611cc8c0-3416-4ea1-a63c-196fc645762c}</UniqueIdentifier>
    </Filter>
    <Filter Include="Source Files\Model">
      <UniqueIdentifier>{fa72034d-cb23-4f3c-bb91-2c2150dca332}</UniqueIdentifier>
    </Filter>
    <Filter Include="Header Files\Settings">
      <UniqueIdentifier>{0ae3c0c2-1070-4fd2-a088-a4d8e30bfe6b}</UniqueIdentifier>
    </Filter>
    <Filter Include="Source Files\Settings">
      <UniqueIdentifier>{384f8d97-2440-43d5-b299-0bff42d32167}</UniqueIdentifier>
    </Filter>
    <Filter Include="Header Files\Documents">
      <UniqueIdentifier>{0a012376-4ae2-4466-8684-0d7c3a7f212f}</UniqueIdentifier>
    </Filter>
    <Filter Include="Source Files\Documents">
      <UniqueIdentifier>{7f26984a-b471-4273-b9e2-bc0ae1e1c77b}</UniqueIdentifier>
    </Filter>
    <Filter Include="Header Files\Messager">
      <UniqueIdentifier>{84f890c9-076c-4e11-90c1-03acfa9e47d7}</UniqueIdentifier>
    </Filter>
    <Filter Include="Source Files\Messager">
      <UniqueIdentifier>{0fa8e894-2de8-4731-b4a1-2c285f02eac9}</UniqueIdentifier>
    </Filter>
    <Filter Include="Header Files\Logging">
      <UniqueIdentifier>{6aa71f67-202f-43c5-8489-4a034ed9ecb0}</UniqueIdentifier>
    </Filter>
    <Filter Include="Source Files\Logging">
      <UniqueIdentifier>{b8ccf356-fdbf-44d6-aa16-4941615ddd9e}</UniqueIdentifier>
    </Filter>
    <Filter Include="Header Files\Project">
      <UniqueIdentifier>{75702514-1805-45d9-95a1-7ec32bc5b75a}</UniqueIdentifier>
    </Filter>
    <Filter Include="Source Files\Project">
      <UniqueIdentifier>{96d12603-3025-4452-b4e6-d1e021036df4}</UniqueIdentifier>
    </Filter>
    <Filter Include="Header Files\Status">
      <UniqueIdentifier>{ee2c8ecf-1a4a-4e45-ad74-5cb3241f8533}</UniqueIdentifier>
    </Filter>
    <Filter Include="Source Files\Status">
      <UniqueIdentifier>{04b74214-4862-4904-a53e-c5a59d4260d5}</UniqueIdentifier>
    </Filter>
  </ItemGroup>
  <ItemGroup>
    <Text Include="ReadMe.txt" />
  </ItemGroup>
  <ItemGroup>
    <ClInclude Include="test.h">
      <Filter>Header Files</Filter>
    </ClInclude>
    <ClInclude Include="Utilities\NewGeneException.h">
      <Filter>Header Files\Utilities</Filter>
    </ClInclude>
    <ClInclude Include="Model\ModelManager.h">
      <Filter>Header Files\Model</Filter>
    </ClInclude>
    <ClInclude Include="Documents\DocumentManager.h">
      <Filter>Header Files\Documents</Filter>
    </ClInclude>
    <ClInclude Include="Settings\SettingsManager.h">
      <Filter>Header Files\Settings</Filter>
    </ClInclude>
    <ClInclude Include="Settings\Settings.h">
      <Filter>Header Files\Settings</Filter>
    </ClInclude>
    <ClInclude Include="Settings\ProjectSettings.h">
      <Filter>Header Files\Settings</Filter>
    </ClInclude>
    <ClInclude Include="Settings\GlobalSettings.h">
      <Filter>Header Files\Settings</Filter>
    </ClInclude>
    <ClInclude Include="Settings\Setting.h">
      <Filter>Header Files\Settings</Filter>
    </ClInclude>
    <ClInclude Include="Settings\SettingsRepository.h">
      <Filter>Header Files\Settings</Filter>
    </ClInclude>
    <ClInclude Include="Messager\Messager.h">
      <Filter>Header Files\Messager</Filter>
    </ClInclude>
    <ClInclude Include="Logging\LoggingManager.h">
      <Filter>Header Files\Logging</Filter>
    </ClInclude>
    <ClInclude Include="Project\ProjectManager.h">
      <Filter>Header Files\Project</Filter>
    </ClInclude>
    <ClInclude Include="Status\StatusManager.h">
      <Filter>Header Files\Status</Filter>
    </ClInclude>
    <ClInclude Include="Manager.h">
      <Filter>Header Files</Filter>
    </ClInclude>
    <ClInclude Include="globals.h">
      <Filter>Header Files</Filter>
    </ClInclude>
    <ClInclude Include="Project\Project.h">
      <Filter>Header Files\Project</Filter>
    </ClInclude>
    <ClInclude Include="Project\InputProject.h">
      <Filter>Header Files\Project</Filter>
    </ClInclude>
    <ClInclude Include="Project\OutputProject.h">
      <Filter>Header Files\Project</Filter>
    </ClInclude>
    <ClInclude Include="Settings\OutputProjectSettings.h">
      <Filter>Header Files\Settings</Filter>
    </ClInclude>
    <ClInclude Include="Settings\InputProjectSettings.h">
      <Filter>Header Files\Settings</Filter>
    </ClInclude>
    <ClInclude Include="Model\Model.h">
      <Filter>Header Files\Model</Filter>
    </ClInclude>
    <ClInclude Include="Model\InputModel.h">
      <Filter>Header Files\Model</Filter>
    </ClInclude>
    <ClInclude Include="Model\OutputModel.h">
      <Filter>Header Files\Model</Filter>
    </ClInclude>
    <ClInclude Include="Settings\GlobalSettings_list.h">
      <Filter>Header Files\Settings</Filter>
    </ClInclude>
    <ClInclude Include="Settings\InputProjectSettings_list.h">
      <Filter>Header Files\Settings</Filter>
    </ClInclude>
    <ClInclude Include="Settings\OutputProjectSettings_list.h">
      <Filter>Header Files\Settings</Filter>
    </ClInclude>
  </ItemGroup>
  <ItemGroup>
    <ClCompile Include="test.cpp">
      <Filter>Source Files</Filter>
    </ClCompile>
    <ClCompile Include="Utilities\NewGeneException.cpp">
      <Filter>Source Files\Utilities</Filter>
    </ClCompile>
    <ClCompile Include="Model\ModelManager.cpp">
      <Filter>Source Files\Model</Filter>
    </ClCompile>
    <ClCompile Include="Documents\DocumentManager.cpp">
      <Filter>Source Files\Documents</Filter>
    </ClCompile>
    <ClCompile Include="Settings\SettingsManager.cpp">
      <Filter>Source Files\Settings</Filter>
    </ClCompile>
    <ClCompile Include="Settings\Settings.cpp">
      <Filter>Source Files\Settings</Filter>
    </ClCompile>
    <ClCompile Include="Settings\ProjectSettings.cpp">
      <Filter>Source Files\Settings</Filter>
    </ClCompile>
    <ClCompile Include="Settings\GlobalSettings.cpp">
      <Filter>Source Files\Settings</Filter>
    </ClCompile>
    <ClCompile Include="Settings\Setting.cpp">
      <Filter>Source Files\Settings</Filter>
    </ClCompile>
    <ClCompile Include="Settings\SettingsRepository.cpp">
      <Filter>Source Files\Settings</Filter>
    </ClCompile>
    <ClCompile Include="Messager\Messager.cpp">
      <Filter>Source Files\Messager</Filter>
    </ClCompile>
    <ClCompile Include="Logging\LoggingManager.cpp">
      <Filter>Source Files\Logging</Filter>
    </ClCompile>
    <ClCompile Include="Project\ProjectManager.cpp">
      <Filter>Source Files\Project</Filter>
    </ClCompile>
    <ClCompile Include="Status\StatusManager.cpp">
      <Filter>Source Files\Status</Filter>
    </ClCompile>
    <ClCompile Include="Manager.cpp">
      <Filter>Source Files</Filter>
    </ClCompile>
    <ClCompile Include="globals.cpp">
      <Filter>Source Files</Filter>
    </ClCompile>
    <ClCompile Include="Project\Project.cpp">
      <Filter>Source Files\Project</Filter>
    </ClCompile>
    <ClCompile Include="Project\InputProject.cpp">
      <Filter>Source Files\Project</Filter>
    </ClCompile>
    <ClCompile Include="Project\OutputProject.cpp">
      <Filter>Source Files\Project</Filter>
    </ClCompile>
    <ClCompile Include="Model\Model.cpp">
      <Filter>Source Files\Model</Filter>
    </ClCompile>
    <ClCompile Include="Model\InputModel.cpp">
      <Filter>Source Files\Model</Filter>
    </ClCompile>
    <ClCompile Include="Model\OutputModel.cpp">
      <Filter>Source Files\Model</Filter>
    </ClCompile>
    <ClCompile Include="Settings\GlobalSettings_list.cpp">
      <Filter>Source Files\Settings</Filter>
    </ClCompile>
    <ClCompile Include="Settings\InputProjectSettings_list.cpp">
      <Filter>Source Files\Settings</Filter>
    </ClCompile>
    <ClCompile Include="Settings\OutputProjectSettings_list.cpp">
      <Filter>Source Files\Settings</Filter>
    </ClCompile>
    <ClCompile Include="Settings\InputProjectSettings.cpp">
      <Filter>Source Files\Settings</Filter>
    </ClCompile>
    <ClCompile Include="Settings\OutputProjectSettings.cpp">
      <Filter>Source Files\Settings</Filter>
    </ClCompile>
  </ItemGroup>
</Project>