<?xml version="1.0" encoding="utf-8"?>
<Project ToolsVersion="4.0" xmlns="http://schemas.microsoft.com/developer/msbuild/2003">
  <ItemGroup>
    <Filter Include="Source Files">
      <UniqueIdentifier>{4FC737F1-C7A5-4376-A066-2A32D752A2FF}</UniqueIdentifier>
      <Extensions>cpp;c;cc;cxx;def;odl;idl;hpj;bat;asm;asmx</Extensions>
    </Filter>
    <Filter Include="Header Files">
      <UniqueIdentifier>{93995380-89BD-4b04-88EB-625FBE52EBFB}</UniqueIdentifier>
      <Extensions>h;hpp;hxx;hm;inl;inc;xsd</Extensions>
    </Filter>
    <Filter Include="Resource Files">
      <UniqueIdentifier>{67DA6AB6-F800-4c08-8B7A-83BB121AAD01}</UniqueIdentifier>
      <Extensions>rc;ico;cur;bmp;dlg;rc2;rct;bin;rgs;gif;jpg;jpeg;jpe;resx;tiff;tif;png;wav;mfcribbon-ms</Extensions>
    </Filter>
    <Filter Include="Header Files\Utilities">
      <UniqueIdentifier>{80d0f15e-205f-4dcf-816a-7ed2aa05e1f4}</UniqueIdentifier>
    </Filter>
    <Filter Include="Source Files\Utilities">
      <UniqueIdentifier>{a486581f-e298-48da-b272-9744c6e5489d}</UniqueIdentifier>
    </Filter>
    <Filter Include="Header Files\Model">
      <UniqueIdentifier>{611cc8c0-3416-4ea1-a63c-196fc645762c}</UniqueIdentifier>
    </Filter>
    <Filter Include="Source Files\Model">
      <UniqueIdentifier>{fa72034d-cb23-4f3c-bb91-2c2150dca332}</UniqueIdentifier>
    </Filter>
    <Filter Include="Header Files\Settings">
      <UniqueIdentifier>{0ae3c0c2-1070-4fd2-a088-a4d8e30bfe6b}</UniqueIdentifier>
    </Filter>
    <Filter Include="Source Files\Settings">
      <UniqueIdentifier>{384f8d97-2440-43d5-b299-0bff42d32167}</UniqueIdentifier>
    </Filter>
    <Filter Include="Header Files\Documents">
      <UniqueIdentifier>{0a012376-4ae2-4466-8684-0d7c3a7f212f}</UniqueIdentifier>
    </Filter>
    <Filter Include="Source Files\Documents">
      <UniqueIdentifier>{7f26984a-b471-4273-b9e2-bc0ae1e1c77b}</UniqueIdentifier>
    </Filter>
    <Filter Include="Header Files\Messager">
      <UniqueIdentifier>{84f890c9-076c-4e11-90c1-03acfa9e47d7}</UniqueIdentifier>
    </Filter>
    <Filter Include="Source Files\Messager">
      <UniqueIdentifier>{0fa8e894-2de8-4731-b4a1-2c285f02eac9}</UniqueIdentifier>
    </Filter>
    <Filter Include="Header Files\Logging">
      <UniqueIdentifier>{6aa71f67-202f-43c5-8489-4a034ed9ecb0}</UniqueIdentifier>
    </Filter>
    <Filter Include="Source Files\Logging">
      <UniqueIdentifier>{b8ccf356-fdbf-44d6-aa16-4941615ddd9e}</UniqueIdentifier>
    </Filter>
    <Filter Include="Header Files\Project">
      <UniqueIdentifier>{75702514-1805-45d9-95a1-7ec32bc5b75a}</UniqueIdentifier>
    </Filter>
    <Filter Include="Source Files\Project">
      <UniqueIdentifier>{96d12603-3025-4452-b4e6-d1e021036df4}</UniqueIdentifier>
    </Filter>
    <Filter Include="Header Files\Status">
      <UniqueIdentifier>{ee2c8ecf-1a4a-4e45-ad74-5cb3241f8533}</UniqueIdentifier>
    </Filter>
    <Filter Include="Source Files\Status">
      <UniqueIdentifier>{04b74214-4862-4904-a53e-c5a59d4260d5}</UniqueIdentifier>
    </Filter>
    <Filter Include="Header Files\Threads">
      <UniqueIdentifier>{6fa10008-a0dd-413f-8e77-83a69e372735}</UniqueIdentifier>
    </Filter>
    <Filter Include="Source Files\Threads">
      <UniqueIdentifier>{48b74010-03d8-422a-84dd-8533d2ac9098}</UniqueIdentifier>
    </Filter>
    <Filter Include="Header Files\Triggers">
      <UniqueIdentifier>{78a4ae27-2b1e-43a3-adde-2d937d4ffece}</UniqueIdentifier>
    </Filter>
    <Filter Include="Source Files\Triggers">
      <UniqueIdentifier>{fa803b26-84b1-4302-a435-24890c5edebf}</UniqueIdentifier>
    </Filter>
    <Filter Include="Header Files\UIData">
      <UniqueIdentifier>{816ba8ea-d1d0-4a9b-a2a9-e42cb17bf81b}</UniqueIdentifier>
    </Filter>
    <Filter Include="Source Files\UIData">
      <UniqueIdentifier>{9ba27cf2-69e5-4b95-ac5b-4ce65730516b}</UniqueIdentifier>
    </Filter>
    <Filter Include="Header Files\UIAction">
      <UniqueIdentifier>{f377155c-41d9-4f8b-b176-75cd60615275}</UniqueIdentifier>
    </Filter>
    <Filter Include="Source Files\UIAction">
      <UniqueIdentifier>{417b8480-26b2-4c25-8b15-b1712dda5f01}</UniqueIdentifier>
    </Filter>
    <Filter Include="Header Files\ModelAction">
      <UniqueIdentifier>{e13c9061-10a8-4c8b-9d53-3201836e71c0}</UniqueIdentifier>
    </Filter>
    <Filter Include="Source Files\ModelAction">
      <UniqueIdentifier>{5684c7b2-d3ec-4c0a-b6be-4a07bf9731f7}</UniqueIdentifier>
    </Filter>
    <Filter Include="Header Files\SQLite">
      <UniqueIdentifier>{d21adc30-0291-4e0b-baea-032a5762ae70}</UniqueIdentifier>
    </Filter>
    <Filter Include="Source Files\SQLite">
      <UniqueIdentifier>{aa4baa0a-25b7-4bf2-85a6-555b27060fcf}</UniqueIdentifier>
    </Filter>
    <Filter Include="Header Files\Model\Tables">
      <UniqueIdentifier>{2c4cf3d9-9389-443b-b45c-9e9136142df4}</UniqueIdentifier>
    </Filter>
    <Filter Include="Source Files\Model\Tables">
      <UniqueIdentifier>{c1f89d43-d25e-4afe-9bb6-76306a9a8ce1}</UniqueIdentifier>
    </Filter>
    <Filter Include="Header Files\Model\Tables\TableInstances">
      <UniqueIdentifier>{282cae00-baff-4798-8002-3aa48a57e9f7}</UniqueIdentifier>
    </Filter>
    <Filter Include="Source Files\Model\Tables\TableInstances">
      <UniqueIdentifier>{76962a23-08d6-4767-9b2c-34f248484088}</UniqueIdentifier>
    </Filter>
    <Filter Include="Header Files\UIData\Controllers">
      <UniqueIdentifier>{94dc26b3-2ea7-4730-9217-225374daa268}</UniqueIdentifier>
    </Filter>
    <Filter Include="Header Files\UIAction\Controllers">
      <UniqueIdentifier>{6a7054e6-db0d-429c-bbdb-6213cd31c6f9}</UniqueIdentifier>
    </Filter>
    <Filter Include="Source Files\UIAction\Controllers">
      <UniqueIdentifier>{1dc6ebb8-1f3f-4cf5-9b52-a6ea879dddc9}</UniqueIdentifier>
    </Filter>
    <Filter Include="Source Files\UIData\Controllers">
      <UniqueIdentifier>{1f46343f-32d6-4e28-a979-7f129c26599d}</UniqueIdentifier>
    </Filter>
    <Filter Include="Header Files\Model\Tables\Import">
      <UniqueIdentifier>{92c346fe-37df-44ee-9294-159fcfe51e2a}</UniqueIdentifier>
    </Filter>
    <Filter Include="Source Files\Model\Tables\Import">
      <UniqueIdentifier>{d8e12115-5dbd-4a1b-bae8-c296c6f15123}</UniqueIdentifier>
    </Filter>
  </ItemGroup>
  <ItemGroup>
    <Text Include="ReadMe.txt" />
  </ItemGroup>
  <ItemGroup>
    <ClInclude Include="test.h">
      <Filter>Header Files</Filter>
    </ClInclude>
    <ClInclude Include="Utilities\NewGeneException.h">
      <Filter>Header Files\Utilities</Filter>
    </ClInclude>
    <ClInclude Include="Model\ModelManager.h">
      <Filter>Header Files\Model</Filter>
    </ClInclude>
    <ClInclude Include="Documents\DocumentManager.h">
      <Filter>Header Files\Documents</Filter>
    </ClInclude>
    <ClInclude Include="Settings\SettingsManager.h">
      <Filter>Header Files\Settings</Filter>
    </ClInclude>
    <ClInclude Include="Settings\Settings.h">
      <Filter>Header Files\Settings</Filter>
    </ClInclude>
    <ClInclude Include="Settings\ProjectSettings.h">
      <Filter>Header Files\Settings</Filter>
    </ClInclude>
    <ClInclude Include="Settings\GlobalSettings.h">
      <Filter>Header Files\Settings</Filter>
    </ClInclude>
    <ClInclude Include="Settings\Setting.h">
      <Filter>Header Files\Settings</Filter>
    </ClInclude>
    <ClInclude Include="Settings\SettingsRepository.h">
      <Filter>Header Files\Settings</Filter>
    </ClInclude>
    <ClInclude Include="Messager\Messager.h">
      <Filter>Header Files\Messager</Filter>
    </ClInclude>
    <ClInclude Include="Logging\LoggingManager.h">
      <Filter>Header Files\Logging</Filter>
    </ClInclude>
    <ClInclude Include="Project\ProjectManager.h">
      <Filter>Header Files\Project</Filter>
    </ClInclude>
    <ClInclude Include="Status\StatusManager.h">
      <Filter>Header Files\Status</Filter>
    </ClInclude>
    <ClInclude Include="Manager.h">
      <Filter>Header Files</Filter>
    </ClInclude>
    <ClInclude Include="globals.h">
      <Filter>Header Files</Filter>
    </ClInclude>
    <ClInclude Include="Project\Project.h">
      <Filter>Header Files\Project</Filter>
    </ClInclude>
    <ClInclude Include="Project\InputProject.h">
      <Filter>Header Files\Project</Filter>
    </ClInclude>
    <ClInclude Include="Project\OutputProject.h">
      <Filter>Header Files\Project</Filter>
    </ClInclude>
    <ClInclude Include="Settings\OutputProjectSettings.h">
      <Filter>Header Files\Settings</Filter>
    </ClInclude>
    <ClInclude Include="Settings\InputProjectSettings.h">
      <Filter>Header Files\Settings</Filter>
    </ClInclude>
    <ClInclude Include="Model\Model.h">
      <Filter>Header Files\Model</Filter>
    </ClInclude>
    <ClInclude Include="Model\InputModel.h">
      <Filter>Header Files\Model</Filter>
    </ClInclude>
    <ClInclude Include="Model\OutputModel.h">
      <Filter>Header Files\Model</Filter>
    </ClInclude>
    <ClInclude Include="Settings\GlobalSettings_list.h">
      <Filter>Header Files\Settings</Filter>
    </ClInclude>
    <ClInclude Include="Settings\InputProjectSettings_list.h">
      <Filter>Header Files\Settings</Filter>
    </ClInclude>
    <ClInclude Include="Settings\OutputProjectSettings_list.h">
      <Filter>Header Files\Settings</Filter>
    </ClInclude>
    <ClInclude Include="Threads\ThreadManager.h">
      <Filter>Header Files\Threads</Filter>
    </ClInclude>
    <ClInclude Include="Triggers\TriggerManager.h">
      <Filter>Header Files\Triggers</Filter>
    </ClInclude>
    <ClInclude Include="Threads\WorkerThread.h">
      <Filter>Header Files\Threads</Filter>
    </ClInclude>
    <ClInclude Include="Threads\WorkItem.h">
      <Filter>Header Files\Threads</Filter>
    </ClInclude>
    <ClInclude Include="Threads\ThreadPool.h">
      <Filter>Header Files\Threads</Filter>
    </ClInclude>
    <ClInclude Include="Settings\ModelSettings.h">
      <Filter>Header Files\Settings</Filter>
    </ClInclude>
    <ClInclude Include="Settings\InputModelSettings.h">
      <Filter>Header Files\Settings</Filter>
    </ClInclude>
    <ClInclude Include="Settings\OutputModelSettings.h">
      <Filter>Header Files\Settings</Filter>
    </ClInclude>
    <ClInclude Include="Settings\InputModelSettings_list.h">
      <Filter>Header Files\Settings</Filter>
    </ClInclude>
    <ClInclude Include="Settings\OutputModelSettings_list.h">
      <Filter>Header Files\Settings</Filter>
    </ClInclude>
    <ClInclude Include="UIData\UIDataManager.h">
      <Filter>Header Files\UIData</Filter>
    </ClInclude>
    <ClInclude Include="UIAction\UIActionManager.h">
      <Filter>Header Files\UIAction</Filter>
    </ClInclude>
    <ClInclude Include="ModelAction\ModelActionManager.h">
      <Filter>Header Files\ModelAction</Filter>
    </ClInclude>
    <ClInclude Include="UIData\DataWidgets.h">
      <Filter>Header Files\UIData</Filter>
    </ClInclude>
    <ClInclude Include="sqlite\sqlite-amalgamation-3071700\sqlite3.h">
      <Filter>Header Files\SQLite</Filter>
    </ClInclude>
    <ClInclude Include="Model\Tables\Table.h">
      <Filter>Header Files\Model\Tables</Filter>
    </ClInclude>
    <ClInclude Include="Model\Tables\TableManager.h">
      <Filter>Header Files\Model\Tables</Filter>
    </ClInclude>
    <ClInclude Include="Model\Tables\TableInstances\DMU.h">
      <Filter>Header Files\Model\Tables\TableInstances</Filter>
    </ClInclude>
    <ClInclude Include="Model\Tables\TableInstances\CMU.h">
      <Filter>Header Files\Model\Tables\TableInstances</Filter>
    </ClInclude>
    <ClInclude Include="Model\Tables\TableInstances\UOA.h">
      <Filter>Header Files\Model\Tables\TableInstances</Filter>
    </ClInclude>
    <ClInclude Include="Model\Tables\TableInstances\VariableGroup.h">
      <Filter>Header Files\Model\Tables\TableInstances</Filter>
    </ClInclude>
    <ClInclude Include="Model\Tables\TableTypes.h">
      <Filter>Header Files\Model\Tables</Filter>
    </ClInclude>
    <ClInclude Include="Utilities\UUID.h">
      <Filter>Header Files\Utilities</Filter>
    </ClInclude>
    <ClInclude Include="UIAction\ActionWidgets.h">
      <Filter>Header Files\UIAction</Filter>
    </ClInclude>
    <ClInclude Include="Utilities\WidgetIdentifier.h">
      <Filter>Header Files\Utilities</Filter>
    </ClInclude>
    <ClInclude Include="UIData\DataChanges.h">
      <Filter>Header Files\UIData</Filter>
    </ClInclude>
    <ClInclude Include="UIAction\ActionChanges.h">
      <Filter>Header Files\UIAction</Filter>
    </ClInclude>
    <ClInclude Include="Model\Tables\TableInstances\VariablesSelected.h">
      <Filter>Header Files\Model\Tables\TableInstances</Filter>
    </ClInclude>
    <ClInclude Include="Model\TimeGranularity.h">
      <Filter>Header Files\Model</Filter>
    </ClInclude>
    <ClInclude Include="Model\Tables\TableInstances\KAdCount.h">
      <Filter>Header Files\Model\Tables\TableInstances</Filter>
    </ClInclude>
    <ClInclude Include="Model\Tables\Import\Import.h">
      <Filter>Header Files\Model\Tables\Import</Filter>
    </ClInclude>
    <ClInclude Include="Model\Tables\Schema.h">
      <Filter>Header Files\Model\Tables</Filter>
    </ClInclude>
    <ClInclude Include="Model\Tables\FieldTypes.h">
      <Filter>Header Files\Model\Tables</Filter>
    </ClInclude>
    <ClInclude Include="Model\Tables\Executor.h">
      <Filter>Header Files\Model\Tables</Filter>
    </ClInclude>
    <ClInclude Include="Model\Tables\Fields.h">
      <Filter>Header Files\Model\Tables</Filter>
    </ClInclude>
    <ClInclude Include="Model\Tables\TableInstances\VariableGroupData.h">
      <Filter>Header Files\Model\Tables\TableInstances</Filter>
    </ClInclude>
    <ClInclude Include="Model\Tables\Import\ImportDefinitions.h">
      <Filter>Header Files\Model\Tables\Import</Filter>
    </ClInclude>
    <ClInclude Include="Model\Tables\TableInstances\TimeRange.h">
      <Filter>Header Files\Model\Tables\TableInstances</Filter>
    </ClInclude>
    <ClInclude Include="Model\Tables\TableInstances\GeneralOptions.h">
      <Filter>Header Files\Model\Tables\TableInstances</Filter>
    </ClInclude>
    <ClInclude Include="Model\InputModelDdlSql.h">
      <Filter>Header Files\Model</Filter>
    </ClInclude>
    <ClInclude Include="Model\OutputModelDdlSql.h">
      <Filter>Header Files\Model</Filter>
    </ClInclude>
    <ClInclude Include="Utilities\Validation.h">
      <Filter>Header Files\Utilities</Filter>
    </ClInclude>
    <ClInclude Include="Utilities\TimeRangeHelper.h">
      <Filter>Header Files\Utilities</Filter>
    </ClInclude>
  </ItemGroup>
  <ItemGroup>
    <ClCompile Include="test.cpp">
      <Filter>Source Files</Filter>
    </ClCompile>
    <ClCompile Include="Utilities\NewGeneException.cpp">
      <Filter>Source Files\Utilities</Filter>
    </ClCompile>
    <ClCompile Include="Model\ModelManager.cpp">
      <Filter>Source Files\Model</Filter>
    </ClCompile>
    <ClCompile Include="Documents\DocumentManager.cpp">
      <Filter>Source Files\Documents</Filter>
    </ClCompile>
    <ClCompile Include="Settings\SettingsManager.cpp">
      <Filter>Source Files\Settings</Filter>
    </ClCompile>
    <ClCompile Include="Settings\Settings.cpp">
      <Filter>Source Files\Settings</Filter>
    </ClCompile>
    <ClCompile Include="Settings\ProjectSettings.cpp">
      <Filter>Source Files\Settings</Filter>
    </ClCompile>
    <ClCompile Include="Settings\GlobalSettings.cpp">
      <Filter>Source Files\Settings</Filter>
    </ClCompile>
    <ClCompile Include="Settings\Setting.cpp">
      <Filter>Source Files\Settings</Filter>
    </ClCompile>
    <ClCompile Include="Settings\SettingsRepository.cpp">
      <Filter>Source Files\Settings</Filter>
    </ClCompile>
    <ClCompile Include="Messager\Messager.cpp">
      <Filter>Source Files\Messager</Filter>
    </ClCompile>
    <ClCompile Include="Logging\LoggingManager.cpp">
      <Filter>Source Files\Logging</Filter>
    </ClCompile>
    <ClCompile Include="Project\ProjectManager.cpp">
      <Filter>Source Files\Project</Filter>
    </ClCompile>
    <ClCompile Include="Status\StatusManager.cpp">
      <Filter>Source Files\Status</Filter>
    </ClCompile>
    <ClCompile Include="Manager.cpp">
      <Filter>Source Files</Filter>
    </ClCompile>
    <ClCompile Include="globals.cpp">
      <Filter>Source Files</Filter>
    </ClCompile>
    <ClCompile Include="Project\Project.cpp">
      <Filter>Source Files\Project</Filter>
    </ClCompile>
    <ClCompile Include="Project\InputProject.cpp">
      <Filter>Source Files\Project</Filter>
    </ClCompile>
    <ClCompile Include="Project\OutputProject.cpp">
      <Filter>Source Files\Project</Filter>
    </ClCompile>
    <ClCompile Include="Model\Model.cpp">
      <Filter>Source Files\Model</Filter>
    </ClCompile>
    <ClCompile Include="Model\InputModel.cpp">
      <Filter>Source Files\Model</Filter>
    </ClCompile>
    <ClCompile Include="Model\OutputModel.cpp">
      <Filter>Source Files\Model</Filter>
    </ClCompile>
    <ClCompile Include="Settings\GlobalSettings_list.cpp">
      <Filter>Source Files\Settings</Filter>
    </ClCompile>
    <ClCompile Include="Settings\InputProjectSettings_list.cpp">
      <Filter>Source Files\Settings</Filter>
    </ClCompile>
    <ClCompile Include="Settings\OutputProjectSettings_list.cpp">
      <Filter>Source Files\Settings</Filter>
    </ClCompile>
    <ClCompile Include="Settings\InputProjectSettings.cpp">
      <Filter>Source Files\Settings</Filter>
    </ClCompile>
    <ClCompile Include="Settings\OutputProjectSettings.cpp">
      <Filter>Source Files\Settings</Filter>
    </ClCompile>
    <ClCompile Include="Threads\ThreadManager.cpp">
      <Filter>Source Files\Threads</Filter>
    </ClCompile>
    <ClCompile Include="Triggers\TriggerManager.cpp">
      <Filter>Source Files\Triggers</Filter>
    </ClCompile>
    <ClCompile Include="Threads\WorkerThread.cpp">
      <Filter>Source Files\Threads</Filter>
    </ClCompile>
    <ClCompile Include="Threads\WorkItem.cpp">
      <Filter>Source Files\Threads</Filter>
    </ClCompile>
    <ClCompile Include="Threads\ThreadPool.cpp">
      <Filter>Source Files\Threads</Filter>
    </ClCompile>
    <ClCompile Include="Settings\ModelSettings.cpp">
      <Filter>Source Files\Settings</Filter>
    </ClCompile>
    <ClCompile Include="Settings\InputModelSettings.cpp">
      <Filter>Source Files\Settings</Filter>
    </ClCompile>
    <ClCompile Include="Settings\OutputModelSettings.cpp">
      <Filter>Source Files\Settings</Filter>
    </ClCompile>
    <ClCompile Include="Settings\InputModelSettings_list.cpp">
      <Filter>Source Files\Settings</Filter>
    </ClCompile>
    <ClCompile Include="Settings\OutputModelSettings_list.cpp">
      <Filter>Source Files\Settings</Filter>
    </ClCompile>
    <ClCompile Include="UIData\UIDataManager.cpp">
      <Filter>Source Files\UIData</Filter>
    </ClCompile>
    <ClCompile Include="UIAction\UIActionManager.cpp">
      <Filter>Source Files\UIAction</Filter>
    </ClCompile>
    <ClCompile Include="ModelAction\ModelActionManager.cpp">
      <Filter>Source Files\ModelAction</Filter>
    </ClCompile>
    <ClCompile Include="sqlite\sqlite-amalgamation-3071700\sqlite3.c">
      <Filter>Source Files\SQLite</Filter>
    </ClCompile>
    <ClCompile Include="Model\Tables\TableManager.cpp">
      <Filter>Source Files\Model\Tables</Filter>
    </ClCompile>
    <ClCompile Include="Model\Tables\TableInstances\DMU.cpp">
      <Filter>Source Files\Model\Tables\TableInstances</Filter>
    </ClCompile>
    <ClCompile Include="Model\Tables\TableInstances\CMU.cpp">
      <Filter>Source Files\Model\Tables\TableInstances</Filter>
    </ClCompile>
    <ClCompile Include="Model\Tables\TableInstances\UOA.cpp">
      <Filter>Source Files\Model\Tables\TableInstances</Filter>
    </ClCompile>
    <ClCompile Include="Model\Tables\TableInstances\VariableGroup.cpp">
      <Filter>Source Files\Model\Tables\TableInstances</Filter>
    </ClCompile>
    <ClCompile Include="Model\Tables\TableTypes.cpp">
      <Filter>Source Files\Model\Tables</Filter>
    </ClCompile>
    <ClCompile Include="Utilities\UUID.cpp">
      <Filter>Source Files\Utilities</Filter>
    </ClCompile>
    <ClCompile Include="UIData\DataWidgets.cpp">
      <Filter>Source Files\UIData</Filter>
    </ClCompile>
    <ClCompile Include="UIAction\ActionWidgets.cpp">
      <Filter>Source Files\UIAction</Filter>
    </ClCompile>
    <ClCompile Include="Utilities\WidgetIdentifier.cpp">
      <Filter>Source Files\Utilities</Filter>
    </ClCompile>
    <ClCompile Include="UIData\DataChanges.cpp">
      <Filter>Source Files\UIData</Filter>
    </ClCompile>
    <ClCompile Include="UIAction\ActionChanges.cpp">
      <Filter>Source Files\UIAction</Filter>
    </ClCompile>
    <ClCompile Include="Model\Tables\TableInstances\VariablesSelected.cpp">
      <Filter>Source Files\Model\Tables\TableInstances</Filter>
    </ClCompile>
    <ClCompile Include="Model\TimeGranularity.cpp">
      <Filter>Source Files\Model</Filter>
    </ClCompile>
    <ClCompile Include="UIAction\Controllers\Controller_KAdCountChange.cpp">
      <Filter>Source Files\UIAction\Controllers</Filter>
    </ClCompile>
    <ClCompile Include="UIAction\Controllers\Controller_VariableGroupSetMemberSelectionChange.cpp">
      <Filter>Source Files\UIAction\Controllers</Filter>
    </ClCompile>
    <ClCompile Include="Model\Tables\TableInstances\KAdCount.cpp">
      <Filter>Source Files\Model\Tables\TableInstances</Filter>
    </ClCompile>
    <ClCompile Include="Model\Tables\Import\Import.cpp">
      <Filter>Source Files\Model\Tables\Import</Filter>
    </ClCompile>
    <ClCompile Include="Model\Tables\Schema.cpp">
      <Filter>Source Files\Model\Tables</Filter>
    </ClCompile>
    <ClCompile Include="Model\Tables\TableInstances\VariableGroupData.cpp">
      <Filter>Source Files\Model\Tables\TableInstances</Filter>
    </ClCompile>
    <ClCompile Include="Model\Tables\Import\ImportDefinitions.cpp">
      <Filter>Source Files\Model\Tables\Import</Filter>
    </ClCompile>
    <ClCompile Include="Model\Tables\FieldTypes.cpp">
      <Filter>Source Files\Model\Tables</Filter>
    </ClCompile>
    <ClCompile Include="UIAction\Controllers\Controller_GenerateOutput.cpp">
      <Filter>Source Files\UIAction\Controllers</Filter>
    </ClCompile>
    <ClCompile Include="UIAction\Controllers\Controller_TimeRangeChange.cpp">
      <Filter>Source Files\UIAction\Controllers</Filter>
    </ClCompile>
    <ClCompile Include="Model\Tables\TableInstances\TimeRange.cpp">
      <Filter>Source Files\Model\Tables\TableInstances</Filter>
    </ClCompile>
    <ClCompile Include="UIAction\Controllers\Controller_GeneralOptions.cpp">
      <Filter>Source Files\UIAction\Controllers</Filter>
    </ClCompile>
    <ClCompile Include="Model\Tables\TableInstances\GeneralOptions.cpp">
      <Filter>Source Files\Model\Tables\TableInstances</Filter>
    </ClCompile>
    <ClCompile Include="Model\InputModelDdlSql.cpp">
      <Filter>Source Files\Model</Filter>
    </ClCompile>
    <ClCompile Include="Model\OutputModelDdlSql.cpp">
      <Filter>Source Files\Model</Filter>
    </ClCompile>
    <ClCompile Include="UIAction\Controllers\Controller_DMU_Management.cpp">
      <Filter>Source Files\UIAction\Controllers</Filter>
    </ClCompile>
    <ClCompile Include="Utilities\Validation.cpp">
      <Filter>Source Files\Utilities</Filter>
    </ClCompile>
    <ClCompile Include="Utilities\TimeRangeHelper.cpp">
      <Filter>Source Files\Utilities</Filter>
    </ClCompile>
    <ClCompile Include="Model\Tables\Table.cpp">
      <Filter>Source Files\Model\Tables</Filter>
    </ClCompile>
    <ClCompile Include="UIAction\Controllers\Controller_UOA_Management.cpp">
      <Filter>Source Files\UIAction\Controllers</Filter>
    </ClCompile>
    <ClCompile Include="UIAction\Controllers\Controller_VG_Management.cpp">
      <Filter>Source Files\UIAction\Controllers</Filter>
    </ClCompile>
    <ClCompile Include="Model\Tables\Fields.cpp">
      <Filter>Source Files\Model\Tables</Filter>
    </ClCompile>
  </ItemGroup>
</Project>